
Microsoft Visual Studio Solution File, Format Version 12.00
# Visual Studio Version 17
VisualStudioVersion = 17.3.32825.248
MinimumVisualStudioVersion = 10.0.40219.1
Project("{FAE04EC0-301F-11D3-BF4B-00C04F79EFBC}") = "E-commerce", "E-commerce\E-commerce.csproj", "{D33E60EF-030C-44D7-A287-81C459E84138}"
EndProject
Global
	GlobalSection(SolutionConfigurationPlatforms) = preSolution
		Debug|Any CPU = Debug|Any CPU
		Release|Any CPU = Release|Any CPU
	EndGlobalSection
	GlobalSection(ProjectConfigurationPlatforms) = postSolution
		{D33E60EF-030C-44D7-A287-81C459E84138}.Debug|Any CPU.ActiveCfg = Debug|Any CPU
		{D33E60EF-030C-44D7-A287-81C459E84138}.Debug|Any CPU.Build.0 = Debug|Any CPU
		{D33E60EF-030C-44D7-A287-81C459E84138}.Release|Any CPU.ActiveCfg = Release|Any CPU
		{D33E60EF-030C-44D7-A287-81C459E84138}.Release|Any CPU.Build.0 = Release|Any CPU
	EndGlobalSection
	GlobalSection(SolutionProperties) = preSolution
		HideSolutionNode = FALSE
	EndGlobalSection
	GlobalSection(ExtensibilityGlobals) = postSolution
		SolutionGuid = {8C425A08-09E5-4912-9B07-30282798C518}
	EndGlobalSection
EndGlobal
